
Microsoft Visual Studio Solution File, Format Version 12.00
# Visual Studio 14
VisualStudioVersion = 14.0.23107.0
MinimumVisualStudioVersion = 10.0.40219.1
Project("{FAE04EC0-301F-11D3-BF4B-00C04F79EFBC}") = "Cefalo", "Cefalo\Cefalo.csproj", "{1EB8B18B-7200-40A6-9631-A62E6817562A}"
EndProject
Project("{FAE04EC0-301F-11D3-BF4B-00C04F79EFBC}") = "BusinessLayer", "BusinessLayer\BusinessLayer.csproj", "{B3619264-BE91-44B6-8195-FF8EC0570056}"
EndProject
Global
	GlobalSection(SolutionConfigurationPlatforms) = preSolution
		Debug|Any CPU = Debug|Any CPU
		Release|Any CPU = Release|Any CPU
	EndGlobalSection
	GlobalSection(ProjectConfigurationPlatforms) = postSolution
		{1EB8B18B-7200-40A6-9631-A62E6817562A}.Debug|Any CPU.ActiveCfg = Debug|Any CPU
		{1EB8B18B-7200-40A6-9631-A62E6817562A}.Debug|Any CPU.Build.0 = Debug|Any CPU
		{1EB8B18B-7200-40A6-9631-A62E6817562A}.Release|Any CPU.ActiveCfg = Release|Any CPU
		{1EB8B18B-7200-40A6-9631-A62E6817562A}.Release|Any CPU.Build.0 = Release|Any CPU
		{B3619264-BE91-44B6-8195-FF8EC0570056}.Debug|Any CPU.ActiveCfg = Debug|Any CPU
		{B3619264-BE91-44B6-8195-FF8EC0570056}.Debug|Any CPU.Build.0 = Debug|Any CPU
		{B3619264-BE91-44B6-8195-FF8EC0570056}.Release|Any CPU.ActiveCfg = Release|Any CPU
		{B3619264-BE91-44B6-8195-FF8EC0570056}.Release|Any CPU.Build.0 = Release|Any CPU
	EndGlobalSection
	GlobalSection(SolutionProperties) = preSolution
		HideSolutionNode = FALSE
	EndGlobalSection
EndGlobal
